// !$*UTF8*$!
{
	archiveVersion = 1;
	classes = {
	};
	objectVersion = 77;
	objects = {

/* Begin PBXBuildFile section */
		5F63EDAE2CF2B06400DBCABD /* MessageAppRemakeApp.swift in Sources */ = {isa = PBXBuildFile; fileRef = 5F63EDAB2CF2B06400DBCABD /* MessageAppRemakeApp.swift */; };
		5F63EDAF2CF2B06400DBCABD /* Preview Assets.xcassets in Resources */ = {isa = PBXBuildFile; fileRef = 5F63EDA72CF2B06400DBCABD /* Preview Assets.xcassets */; };
		5F63EDB02CF2B06400DBCABD /* Assets.xcassets in Resources */ = {isa = PBXBuildFile; fileRef = 5F63EDA92CF2B06400DBCABD /* Assets.xcassets */; };
/* End PBXBuildFile section */

/* Begin PBXFileReference section */
		5F63ED942CF2B02000DBCABD /* MessageAppRemake.app */ = {isa = PBXFileReference; explicitFileType = wrapper.application; includeInIndex = 0; path = MessageAppRemake.app; sourceTree = BUILT_PRODUCTS_DIR; };
		5F63EDA72CF2B06400DBCABD /* Preview Assets.xcassets */ = {isa = PBXFileReference; lastKnownFileType = folder.assetcatalog; path = "Preview Assets.xcassets"; sourceTree = "<group>"; };
		5F63EDA92CF2B06400DBCABD /* Assets.xcassets */ = {isa = PBXFileReference; lastKnownFileType = folder.assetcatalog; path = Assets.xcassets; sourceTree = "<group>"; };
		5F63EDAB2CF2B06400DBCABD /* MessageAppRemakeApp.swift */ = {isa = PBXFileReference; lastKnownFileType = sourcecode.swift; path = MessageAppRemakeApp.swift; sourceTree = "<group>"; };
/* End PBXFileReference section */

/* Begin PBXFileSystemSynchronizedRootGroup section */
		5F63EDB32CF2B08500DBCABD /* Models */ = {
			isa = PBXFileSystemSynchronizedRootGroup;
			path = Models;
			sourceTree = "<group>";
		};
		5F63EDB42CF2B08C00DBCABD /* Authentication */ = {
			isa = PBXFileSystemSynchronizedRootGroup;
			path = Authentication;
			sourceTree = "<group>";
		};
		5F63EDB52CF2B09400DBCABD /* Services */ = {
			isa = PBXFileSystemSynchronizedRootGroup;
			path = Services;
			sourceTree = "<group>";
		};
		5F63EDB72CF2B0D800DBCABD /* Extensions */ = {
			isa = PBXFileSystemSynchronizedRootGroup;
			path = Extensions;
			sourceTree = "<group>";
		};
		5F63EDB82CF2B0EE00DBCABD /* Utils */ = {
			isa = PBXFileSystemSynchronizedRootGroup;
			path = Utils;
			sourceTree = "<group>";
		};
		5F63EDC72CF2B32F00DBCABD /* Root */ = {
			isa = PBXFileSystemSynchronizedRootGroup;
			path = Root;
			sourceTree = "<group>";
		};
		5F63EDD22CF2B4A200DBCABD /* Inbox */ = {
			isa = PBXFileSystemSynchronizedRootGroup;
			path = Inbox;
			sourceTree = "<group>";
		};
		5F63EDD32CF2B4B000DBCABD /* Settings */ = {
			isa = PBXFileSystemSynchronizedRootGroup;
			path = Settings;
			sourceTree = "<group>";
		};
		5FFD30ED2CF3600D005C495A /* Components */ = {
			isa = PBXFileSystemSynchronizedRootGroup;
			path = Components;
			sourceTree = "<group>";
		};
		5FFD30F82CF3A36C005C495A /* ViewModifiers */ = {
			isa = PBXFileSystemSynchronizedRootGroup;
			path = ViewModifiers;
			sourceTree = "<group>";
		};
/* End PBXFileSystemSynchronizedRootGroup section */

/* Begin PBXFrameworksBuildPhase section */
		5F63ED912CF2B02000DBCABD /* Frameworks */ = {
			isa = PBXFrameworksBuildPhase;
			buildActionMask = 2147483647;
			files = (
			);
			runOnlyForDeploymentPostprocessing = 0;
		};
/* End PBXFrameworksBuildPhase section */

/* Begin PBXGroup section */
		5F63ED8B2CF2B02000DBCABD = {
			isa = PBXGroup;
			children = (
				5F63EDAC2CF2B06400DBCABD /* MessageAppRemake */,
				5F63ED952CF2B02000DBCABD /* Products */,
			);
			sourceTree = "<group>";
		};
		5F63ED952CF2B02000DBCABD /* Products */ = {
			isa = PBXGroup;
			children = (
				5F63ED942CF2B02000DBCABD /* MessageAppRemake.app */,
			);
			name = Products;
			sourceTree = "<group>";
		};
		5F63EDA82CF2B06400DBCABD /* Preview Content */ = {
			isa = PBXGroup;
			children = (
				5F63EDA72CF2B06400DBCABD /* Preview Assets.xcassets */,
			);
			path = "Preview Content";
			sourceTree = "<group>";
		};
		5F63EDAC2CF2B06400DBCABD /* MessageAppRemake */ = {
			isa = PBXGroup;
			children = (
				5F63EDA82CF2B06400DBCABD /* Preview Content */,
				5F63EDA92CF2B06400DBCABD /* Assets.xcassets */,
				5F63EDAB2CF2B06400DBCABD /* MessageAppRemakeApp.swift */,
				5F63EDB72CF2B0D800DBCABD /* Extensions */,
				5FFD30F82CF3A36C005C495A /* ViewModifiers */,
				5F63EDB82CF2B0EE00DBCABD /* Utils */,
				5FFD30ED2CF3600D005C495A /* Components */,
				5F63EDB52CF2B09400DBCABD /* Services */,
				5F63EDB32CF2B08500DBCABD /* Models */,
				5F63EDC72CF2B32F00DBCABD /* Root */,
				5F63EDB42CF2B08C00DBCABD /* Authentication */,
				5F63EDD22CF2B4A200DBCABD /* Inbox */,
				5F63EDD32CF2B4B000DBCABD /* Settings */,
			);
			path = MessageAppRemake;
			sourceTree = "<group>";
		};
/* End PBXGroup section */

/* Begin PBXNativeTarget section */
		5F63ED932CF2B02000DBCABD /* MessageAppRemake */ = {
			isa = PBXNativeTarget;
			buildConfigurationList = 5F63EDA22CF2B02200DBCABD /* Build configuration list for PBXNativeTarget "MessageAppRemake" */;
			buildPhases = (
				5F63ED902CF2B02000DBCABD /* Sources */,
				5F63ED912CF2B02000DBCABD /* Frameworks */,
				5F63ED922CF2B02000DBCABD /* Resources */,
			);
			buildRules = (
			);
			dependencies = (
			);
			fileSystemSynchronizedGroups = (
				5F63EDB32CF2B08500DBCABD /* Models */,
				5F63EDB42CF2B08C00DBCABD /* Authentication */,
				5F63EDB52CF2B09400DBCABD /* Services */,
				5F63EDB72CF2B0D800DBCABD /* Extensions */,
				5F63EDB82CF2B0EE00DBCABD /* Utils */,
				5F63EDC72CF2B32F00DBCABD /* Root */,
				5F63EDD22CF2B4A200DBCABD /* Inbox */,
				5F63EDD32CF2B4B000DBCABD /* Settings */,
				5FFD30ED2CF3600D005C495A /* Components */,
				5FFD30F82CF3A36C005C495A /* ViewModifiers */,
			);
			name = MessageAppRemake;
			packageProductDependencies = (
			);
			productName = MessageAppRemake;
			productReference = 5F63ED942CF2B02000DBCABD /* MessageAppRemake.app */;
			productType = "com.apple.product-type.application";
		};
/* End PBXNativeTarget section */

/* Begin PBXProject section */
		5F63ED8C2CF2B02000DBCABD /* Project object */ = {
			isa = PBXProject;
			attributes = {
				BuildIndependentTargetsInParallel = 1;
				LastSwiftUpdateCheck = 1610;
				LastUpgradeCheck = 1610;
				TargetAttributes = {
					5F63ED932CF2B02000DBCABD = {
						CreatedOnToolsVersion = 16.1;
					};
				};
			};
			buildConfigurationList = 5F63ED8F2CF2B02000DBCABD /* Build configuration list for PBXProject "MessageAppRemake" */;
			developmentRegion = en;
			hasScannedForEncodings = 0;
			knownRegions = (
				en,
				Base,
			);
			mainGroup = 5F63ED8B2CF2B02000DBCABD;
			minimizedProjectReferenceProxies = 1;
			preferredProjectObjectVersion = 77;
			productRefGroup = 5F63ED952CF2B02000DBCABD /* Products */;
			projectDirPath = "";
			projectRoot = "";
			targets = (
				5F63ED932CF2B02000DBCABD /* MessageAppRemake */,
			);
		};
/* End PBXProject section */

/* Begin PBXResourcesBuildPhase section */
		5F63ED922CF2B02000DBCABD /* Resources */ = {
			isa = PBXResourcesBuildPhase;
			buildActionMask = 2147483647;
			files = (
				5F63EDAF2CF2B06400DBCABD /* Preview Assets.xcassets in Resources */,
				5F63EDB02CF2B06400DBCABD /* Assets.xcassets in Resources */,
			);
			runOnlyForDeploymentPostprocessing = 0;
		};
/* End PBXResourcesBuildPhase section */

/* Begin PBXSourcesBuildPhase section */
		5F63ED902CF2B02000DBCABD /* Sources */ = {
			isa = PBXSourcesBuildPhase;
			buildActionMask = 2147483647;
			files = (
				5F63EDAE2CF2B06400DBCABD /* MessageAppRemakeApp.swift in Sources */,
			);
			runOnlyForDeploymentPostprocessing = 0;
		};
/* End PBXSourcesBuildPhase section */

/* Begin XCBuildConfiguration section */
		5F63EDA02CF2B02200DBCABD /* Debug */ = {
			isa = XCBuildConfiguration;
			buildSettings = {
				ALWAYS_SEARCH_USER_PATHS = NO;
				ASSETCATALOG_COMPILER_GENERATE_SWIFT_ASSET_SYMBOL_EXTENSIONS = YES;
				CLANG_ANALYZER_NONNULL = YES;
				CLANG_ANALYZER_NUMBER_OBJECT_CONVERSION = YES_AGGRESSIVE;
				CLANG_CXX_LANGUAGE_STANDARD = "gnu++20";
				CLANG_ENABLE_MODULES = YES;
				CLANG_ENABLE_OBJC_ARC = YES;
				CLANG_ENABLE_OBJC_WEAK = YES;
				CLANG_WARN_BLOCK_CAPTURE_AUTORELEASING = YES;
				CLANG_WARN_BOOL_CONVERSION = YES;
				CLANG_WARN_COMMA = YES;
				CLANG_WARN_CONSTANT_CONVERSION = YES;
				CLANG_WARN_DEPRECATED_OBJC_IMPLEMENTATIONS = YES;
				CLANG_WARN_DIRECT_OBJC_ISA_USAGE = YES_ERROR;
				CLANG_WARN_DOCUMENTATION_COMMENTS = YES;
				CLANG_WARN_EMPTY_BODY = YES;
				CLANG_WARN_ENUM_CONVERSION = YES;
				CLANG_WARN_INFINITE_RECURSION = YES;
				CLANG_WARN_INT_CONVERSION = YES;
				CLANG_WARN_NON_LITERAL_NULL_CONVERSION = YES;
				CLANG_WARN_OBJC_IMPLICIT_RETAIN_SELF = YES;
				CLANG_WARN_OBJC_LITERAL_CONVERSION = YES;
				CLANG_WARN_OBJC_ROOT_CLASS = YES_ERROR;
				CLANG_WARN_QUOTED_INCLUDE_IN_FRAMEWORK_HEADER = YES;
				CLANG_WARN_RANGE_LOOP_ANALYSIS = YES;
				CLANG_WARN_STRICT_PROTOTYPES = YES;
				CLANG_WARN_SUSPICIOUS_MOVE = YES;
				CLANG_WARN_UNGUARDED_AVAILABILITY = YES_AGGRESSIVE;
				CLANG_WARN_UNREACHABLE_CODE = YES;
				CLANG_WARN__DUPLICATE_METHOD_MATCH = YES;
				COPY_PHASE_STRIP = NO;
				DEBUG_INFORMATION_FORMAT = dwarf;
				ENABLE_STRICT_OBJC_MSGSEND = YES;
				ENABLE_TESTABILITY = YES;
				ENABLE_USER_SCRIPT_SANDBOXING = YES;
				GCC_C_LANGUAGE_STANDARD = gnu17;
				GCC_DYNAMIC_NO_PIC = NO;
				GCC_NO_COMMON_BLOCKS = YES;
				GCC_OPTIMIZATION_LEVEL = 0;
				GCC_PREPROCESSOR_DEFINITIONS = (
					"DEBUG=1",
					"$(inherited)",
				);
				GCC_WARN_64_TO_32_BIT_CONVERSION = YES;
				GCC_WARN_ABOUT_RETURN_TYPE = YES_ERROR;
				GCC_WARN_UNDECLARED_SELECTOR = YES;
				GCC_WARN_UNINITIALIZED_AUTOS = YES_AGGRESSIVE;
				GCC_WARN_UNUSED_FUNCTION = YES;
				GCC_WARN_UNUSED_VARIABLE = YES;
				IPHONEOS_DEPLOYMENT_TARGET = 18.1;
				LOCALIZATION_PREFERS_STRING_CATALOGS = YES;
				MTL_ENABLE_DEBUG_INFO = INCLUDE_SOURCE;
				MTL_FAST_MATH = YES;
				ONLY_ACTIVE_ARCH = YES;
				SDKROOT = iphoneos;
				SWIFT_ACTIVE_COMPILATION_CONDITIONS = "DEBUG $(inherited)";
				SWIFT_OPTIMIZATION_LEVEL = "-Onone";
			};
			name = Debug;
		};
		5F63EDA12CF2B02200DBCABD /* Release */ = {
			isa = XCBuildConfiguration;
			buildSettings = {
				ALWAYS_SEARCH_USER_PATHS = NO;
				ASSETCATALOG_COMPILER_GENERATE_SWIFT_ASSET_SYMBOL_EXTENSIONS = YES;
				CLANG_ANALYZER_NONNULL = YES;
				CLANG_ANALYZER_NUMBER_OBJECT_CONVERSION = YES_AGGRESSIVE;
				CLANG_CXX_LANGUAGE_STANDARD = "gnu++20";
				CLANG_ENABLE_MODULES = YES;
				CLANG_ENABLE_OBJC_ARC = YES;
				CLANG_ENABLE_OBJC_WEAK = YES;
				CLANG_WARN_BLOCK_CAPTURE_AUTORELEASING = YES;
				CLANG_WARN_BOOL_CONVERSION = YES;
				CLANG_WARN_COMMA = YES;
				CLANG_WARN_CONSTANT_CONVERSION = YES;
				CLANG_WARN_DEPRECATED_OBJC_IMPLEMENTATIONS = YES;
				CLANG_WARN_DIRECT_OBJC_ISA_USAGE = YES_ERROR;
				CLANG_WARN_DOCUMENTATION_COMMENTS = YES;
				CLANG_WARN_EMPTY_BODY = YES;
				CLANG_WARN_ENUM_CONVERSION = YES;
				CLANG_WARN_INFINITE_RECURSION = YES;
				CLANG_WARN_INT_CONVERSION = YES;
				CLANG_WARN_NON_LITERAL_NULL_CONVERSION = YES;
				CLANG_WARN_OBJC_IMPLICIT_RETAIN_SELF = YES;
				CLANG_WARN_OBJC_LITERAL_CONVERSION = YES;
				CLANG_WARN_OBJC_ROOT_CLASS = YES_ERROR;
				CLANG_WARN_QUOTED_INCLUDE_IN_FRAMEWORK_HEADER = YES;
				CLANG_WARN_RANGE_LOOP_ANALYSIS = YES;
				CLANG_WARN_STRICT_PROTOTYPES = YES;
				CLANG_WARN_SUSPICIOUS_MOVE = YES;
				CLANG_WARN_UNGUARDED_AVAILABILITY = YES_AGGRESSIVE;
				CLANG_WARN_UNREACHABLE_CODE = YES;
				CLANG_WARN__DUPLICATE_METHOD_MATCH = YES;
				COPY_PHASE_STRIP = NO;
				DEBUG_INFORMATION_FORMAT = "dwarf-with-dsym";
				ENABLE_NS_ASSERTIONS = NO;
				ENABLE_STRICT_OBJC_MSGSEND = YES;
				ENABLE_USER_SCRIPT_SANDBOXING = YES;
				GCC_C_LANGUAGE_STANDARD = gnu17;
				GCC_NO_COMMON_BLOCKS = YES;
				GCC_WARN_64_TO_32_BIT_CONVERSION = YES;
				GCC_WARN_ABOUT_RETURN_TYPE = YES_ERROR;
				GCC_WARN_UNDECLARED_SELECTOR = YES;
				GCC_WARN_UNINITIALIZED_AUTOS = YES_AGGRESSIVE;
				GCC_WARN_UNUSED_FUNCTION = YES;
				GCC_WARN_UNUSED_VARIABLE = YES;
				IPHONEOS_DEPLOYMENT_TARGET = 18.1;
				LOCALIZATION_PREFERS_STRING_CATALOGS = YES;
				MTL_ENABLE_DEBUG_INFO = NO;
				MTL_FAST_MATH = YES;
				SDKROOT = iphoneos;
				SWIFT_COMPILATION_MODE = wholemodule;
				VALIDATE_PRODUCT = YES;
			};
			name = Release;
		};
		5F63EDA32CF2B02200DBCABD /* Debug */ = {
			isa = XCBuildConfiguration;
			buildSettings = {
				ASSETCATALOG_COMPILER_APPICON_NAME = AppIcon;
				ASSETCATALOG_COMPILER_GLOBAL_ACCENT_COLOR_NAME = AccentColor;
				CODE_SIGN_STYLE = Automatic;
				CURRENT_PROJECT_VERSION = 1;
				DEVELOPMENT_ASSET_PATHS = "\"MessageAppRemake/Preview Content\"";
				DEVELOPMENT_TEAM = 9N8K6W6YQ4;
				ENABLE_PREVIEWS = YES;
				GENERATE_INFOPLIST_FILE = YES;
				INFOPLIST_KEY_UIApplicationSceneManifest_Generation = YES;
				INFOPLIST_KEY_UIApplicationSupportsIndirectInputEvents = YES;
				INFOPLIST_KEY_UILaunchScreen_Generation = YES;
				INFOPLIST_KEY_UISupportedInterfaceOrientations_iPad = "UIInterfaceOrientationPortrait UIInterfaceOrientationPortraitUpsideDown UIInterfaceOrientationLandscapeLeft UIInterfaceOrientationLandscapeRight";
				INFOPLIST_KEY_UISupportedInterfaceOrientations_iPhone = "UIInterfaceOrientationPortrait UIInterfaceOrientationLandscapeLeft UIInterfaceOrientationLandscapeRight";
				LD_RUNPATH_SEARCH_PATHS = (
					"$(inherited)",
					"@executable_path/Frameworks",
				);
				MARKETING_VERSION = 1.0;
				PRODUCT_BUNDLE_IDENTIFIER = meokay.MessageAppRemake;
				PRODUCT_NAME = "$(TARGET_NAME)";
				SWIFT_EMIT_LOC_STRINGS = YES;
				SWIFT_VERSION = 5.0;
				TARGETED_DEVICE_FAMILY = "1,2";
			};
			name = Debug;
		};
		5F63EDA42CF2B02200DBCABD /* Release */ = {
			isa = XCBuildConfiguration;
			buildSettings = {
				ASSETCATALOG_COMPILER_APPICON_NAME = AppIcon;
				ASSETCATALOG_COMPILER_GLOBAL_ACCENT_COLOR_NAME = AccentColor;
				CODE_SIGN_STYLE = Automatic;
				CURRENT_PROJECT_VERSION = 1;
				DEVELOPMENT_ASSET_PATHS = "\"MessageAppRemake/Preview Content\"";
				DEVELOPMENT_TEAM = 9N8K6W6YQ4;
				ENABLE_PREVIEWS = YES;
				GENERATE_INFOPLIST_FILE = YES;
				INFOPLIST_KEY_UIApplicationSceneManifest_Generation = YES;
				INFOPLIST_KEY_UIApplicationSupportsIndirectInputEvents = YES;
				INFOPLIST_KEY_UILaunchScreen_Generation = YES;
				INFOPLIST_KEY_UISupportedInterfaceOrientations_iPad = "UIInterfaceOrientationPortrait UIInterfaceOrientationPortraitUpsideDown UIInterfaceOrientationLandscapeLeft UIInterfaceOrientationLandscapeRight";
				INFOPLIST_KEY_UISupportedInterfaceOrientations_iPhone = "UIInterfaceOrientationPortrait UIInterfaceOrientationLandscapeLeft UIInterfaceOrientationLandscapeRight";
				LD_RUNPATH_SEARCH_PATHS = (
					"$(inherited)",
					"@executable_path/Frameworks",
				);
				MARKETING_VERSION = 1.0;
				PRODUCT_BUNDLE_IDENTIFIER = meokay.MessageAppRemake;
				PRODUCT_NAME = "$(TARGET_NAME)";
				SWIFT_EMIT_LOC_STRINGS = YES;
				SWIFT_VERSION = 5.0;
				TARGETED_DEVICE_FAMILY = "1,2";
			};
			name = Release;
		};
/* End XCBuildConfiguration section */

/* Begin XCConfigurationList section */
		5F63ED8F2CF2B02000DBCABD /* Build configuration list for PBXProject "MessageAppRemake" */ = {
			isa = XCConfigurationList;
			buildConfigurations = (
				5F63EDA02CF2B02200DBCABD /* Debug */,
				5F63EDA12CF2B02200DBCABD /* Release */,
			);
			defaultConfigurationIsVisible = 0;
			defaultConfigurationName = Release;
		};
		5F63EDA22CF2B02200DBCABD /* Build configuration list for PBXNativeTarget "MessageAppRemake" */ = {
			isa = XCConfigurationList;
			buildConfigurations = (
				5F63EDA32CF2B02200DBCABD /* Debug */,
				5F63EDA42CF2B02200DBCABD /* Release */,
			);
			defaultConfigurationIsVisible = 0;
			defaultConfigurationName = Release;
		};
/* End XCConfigurationList section */
	};
	rootObject = 5F63ED8C2CF2B02000DBCABD /* Project object */;
}
