// !$*UTF8*$!
{
	archiveVersion = 1;
	classes = {
	};
	objectVersion = 77;
	objects = {

/* Begin PBXBuildFile section */
		5F15695C2D088B84009D6751 /* Alamofire in Frameworks */ = {isa = PBXBuildFile; productRef = 5F15695B2D088B84009D6751 /* Alamofire */; };
		5F2FDBA12D11D64B00BB3FC6 /* ChatStore.swift in Sources */ = {isa = PBXBuildFile; fileRef = 5F2FDBA02D11D64700BB3FC6 /* ChatStore.swift */; };
		5F5B0B052CFD316500BBDAFA /* InboxViewModel.swift in Sources */ = {isa = PBXBuildFile; fileRef = 5F5B0AF32CFD316500BBDAFA /* InboxViewModel.swift */; };
		5F5B0B062CFD316500BBDAFA /* InboxChatRowView.swift in Sources */ = {isa = PBXBuildFile; fileRef = 5F5B0AF52CFD316500BBDAFA /* InboxChatRowView.swift */; };
		5F5B0B072CFD316500BBDAFA /* InboxView.swift in Sources */ = {isa = PBXBuildFile; fileRef = 5F5B0AF62CFD316500BBDAFA /* InboxView.swift */; };
		5F5B0B082CFD316500BBDAFA /* MessagesView.swift in Sources */ = {isa = PBXBuildFile; fileRef = 5F5B0AF72CFD316500BBDAFA /* MessagesView.swift */; };
		5F5B0B092CFD316500BBDAFA /* NewChatView.swift in Sources */ = {isa = PBXBuildFile; fileRef = 5F5B0AF82CFD316500BBDAFA /* NewChatView.swift */; };
		5F5B0B0A2CFD316500BBDAFA /* NewGroupChatView.swift in Sources */ = {isa = PBXBuildFile; fileRef = 5F5B0AF92CFD316500BBDAFA /* NewGroupChatView.swift */; };
		5F5B0B0B2CFD316500BBDAFA /* MainTabView.swift in Sources */ = {isa = PBXBuildFile; fileRef = 5F5B0AFC2CFD316500BBDAFA /* MainTabView.swift */; };
		5F5B0B0D2CFD316500BBDAFA /* ProfileViewModel.swift in Sources */ = {isa = PBXBuildFile; fileRef = 5F5B0AFF2CFD316500BBDAFA /* ProfileViewModel.swift */; };
		5F5B0B0E2CFD316500BBDAFA /* ProfileView.swift in Sources */ = {isa = PBXBuildFile; fileRef = 5F5B0B012CFD316500BBDAFA /* ProfileView.swift */; };
		5F5B0B162CFD317300BBDAFA /* ContentViewModel.swift in Sources */ = {isa = PBXBuildFile; fileRef = 5F5B0B0F2CFD317300BBDAFA /* ContentViewModel.swift */; };
		5F5B0B172CFD317300BBDAFA /* ContentView.swift in Sources */ = {isa = PBXBuildFile; fileRef = 5F5B0B112CFD317300BBDAFA /* ContentView.swift */; };
		5F5B0B182CFD317300BBDAFA /* LoginView.swift in Sources */ = {isa = PBXBuildFile; fileRef = 5F5B0B122CFD317300BBDAFA /* LoginView.swift */; };
		5F5B0B192CFD317300BBDAFA /* RegisterView.swift in Sources */ = {isa = PBXBuildFile; fileRef = 5F5B0B132CFD317300BBDAFA /* RegisterView.swift */; };
		5F5B0B1D2CFD317A00BBDAFA /* PrimaryButtonStyle.swift in Sources */ = {isa = PBXBuildFile; fileRef = 5F5B0B1B2CFD317A00BBDAFA /* PrimaryButtonStyle.swift */; };
		5F5B0B222CFD317F00BBDAFA /* AuthService.swift in Sources */ = {isa = PBXBuildFile; fileRef = 5F5B0B1E2CFD317F00BBDAFA /* AuthService.swift */; };
		5F5B0B232CFD317F00BBDAFA /* UserService.swift in Sources */ = {isa = PBXBuildFile; fileRef = 5F5B0B1F2CFD317F00BBDAFA /* UserService.swift */; };
		5F5B0B2A2CFD318200BBDAFA /* AppError.swift in Sources */ = {isa = PBXBuildFile; fileRef = 5F5B0B242CFD318200BBDAFA /* AppError.swift */; };
		5F5B0B2B2CFD318200BBDAFA /* Chat.swift in Sources */ = {isa = PBXBuildFile; fileRef = 5F5B0B252CFD318200BBDAFA /* Chat.swift */; };
		5F5B0B2C2CFD318200BBDAFA /* Message.swift in Sources */ = {isa = PBXBuildFile; fileRef = 5F5B0B262CFD318200BBDAFA /* Message.swift */; };
		5F5B0B2D2CFD318200BBDAFA /* MockData.swift in Sources */ = {isa = PBXBuildFile; fileRef = 5F5B0B272CFD318200BBDAFA /* MockData.swift */; };
		5F5B0B2E2CFD318200BBDAFA /* User.swift in Sources */ = {isa = PBXBuildFile; fileRef = 5F5B0B282CFD318200BBDAFA /* User.swift */; };
		5F5B0B312CFD318D00BBDAFA /* AppState.swift in Sources */ = {isa = PBXBuildFile; fileRef = 5F5B0B2F2CFD318D00BBDAFA /* AppState.swift */; };
		5F5B0B3A2CFD319400BBDAFA /* HeaderView.swift in Sources */ = {isa = PBXBuildFile; fileRef = 5F5B0B352CFD319400BBDAFA /* HeaderView.swift */; };
		5F5B0B3B2CFD319400BBDAFA /* InputFieldView.swift in Sources */ = {isa = PBXBuildFile; fileRef = 5F5B0B362CFD319400BBDAFA /* InputFieldView.swift */; };
		5F5B0B3C2CFD319400BBDAFA /* LoadingView.swift in Sources */ = {isa = PBXBuildFile; fileRef = 5F5B0B372CFD319400BBDAFA /* LoadingView.swift */; };
		5F63EDAE2CF2B06400DBCABD /* MessageAppRemakeApp.swift in Sources */ = {isa = PBXBuildFile; fileRef = 5F63EDAB2CF2B06400DBCABD /* MessageAppRemakeApp.swift */; };
		5F63EDAF2CF2B06400DBCABD /* Preview Assets.xcassets in Resources */ = {isa = PBXBuildFile; fileRef = 5F63EDA72CF2B06400DBCABD /* Preview Assets.xcassets */; };
		5F63EDB02CF2B06400DBCABD /* Assets.xcassets in Resources */ = {isa = PBXBuildFile; fileRef = 5F63EDA92CF2B06400DBCABD /* Assets.xcassets */; };
		5F7A6BE02CFF8A2200A2CF1D /* ProfileEditView.swift in Sources */ = {isa = PBXBuildFile; fileRef = 5F7A6BDF2CFF8A2200A2CF1D /* ProfileEditView.swift */; };
		5FB0B0DB2CF3E6A000111712 /* FirebaseAnalytics in Frameworks */ = {isa = PBXBuildFile; productRef = 5FB0B0DA2CF3E6A000111712 /* FirebaseAnalytics */; };
		5FB0B0DD2CF3E6A000111712 /* FirebaseAnalyticsOnDeviceConversion in Frameworks */ = {isa = PBXBuildFile; productRef = 5FB0B0DC2CF3E6A000111712 /* FirebaseAnalyticsOnDeviceConversion */; };
		5FB0B0DF2CF3E6A000111712 /* FirebaseAnalyticsWithoutAdIdSupport in Frameworks */ = {isa = PBXBuildFile; productRef = 5FB0B0DE2CF3E6A000111712 /* FirebaseAnalyticsWithoutAdIdSupport */; };
		5FB0B0E12CF3E6A000111712 /* FirebaseAppCheck in Frameworks */ = {isa = PBXBuildFile; productRef = 5FB0B0E02CF3E6A000111712 /* FirebaseAppCheck */; };
		5FB0B0E32CF3E6A000111712 /* FirebaseAppDistribution-Beta in Frameworks */ = {isa = PBXBuildFile; productRef = 5FB0B0E22CF3E6A000111712 /* FirebaseAppDistribution-Beta */; };
		5FB0B0E52CF3E6A000111712 /* FirebaseAuth in Frameworks */ = {isa = PBXBuildFile; productRef = 5FB0B0E42CF3E6A000111712 /* FirebaseAuth */; };
		5FB0B0E72CF3E6A000111712 /* FirebaseAuthCombine-Community in Frameworks */ = {isa = PBXBuildFile; productRef = 5FB0B0E62CF3E6A000111712 /* FirebaseAuthCombine-Community */; };
		5FB0B0E92CF3E6A000111712 /* FirebaseCore in Frameworks */ = {isa = PBXBuildFile; productRef = 5FB0B0E82CF3E6A000111712 /* FirebaseCore */; };
		5FB0B0EB2CF3E6A000111712 /* FirebaseCrashlytics in Frameworks */ = {isa = PBXBuildFile; productRef = 5FB0B0EA2CF3E6A000111712 /* FirebaseCrashlytics */; };
		5FB0B0ED2CF3E6A000111712 /* FirebaseDatabase in Frameworks */ = {isa = PBXBuildFile; productRef = 5FB0B0EC2CF3E6A000111712 /* FirebaseDatabase */; };
		5FB0B0EF2CF3E6A000111712 /* FirebaseDynamicLinks in Frameworks */ = {isa = PBXBuildFile; productRef = 5FB0B0EE2CF3E6A000111712 /* FirebaseDynamicLinks */; };
		5FB0B0F12CF3E6A000111712 /* FirebaseFirestore in Frameworks */ = {isa = PBXBuildFile; productRef = 5FB0B0F02CF3E6A000111712 /* FirebaseFirestore */; };
		5FB0B0F32CF3E6A000111712 /* FirebaseFirestoreCombine-Community in Frameworks */ = {isa = PBXBuildFile; productRef = 5FB0B0F22CF3E6A000111712 /* FirebaseFirestoreCombine-Community */; };
		5FB0B0F52CF3E6A000111712 /* FirebaseFunctions in Frameworks */ = {isa = PBXBuildFile; productRef = 5FB0B0F42CF3E6A000111712 /* FirebaseFunctions */; };
		5FB0B0F72CF3E6A000111712 /* FirebaseFunctionsCombine-Community in Frameworks */ = {isa = PBXBuildFile; productRef = 5FB0B0F62CF3E6A000111712 /* FirebaseFunctionsCombine-Community */; };
		5FB0B0F92CF3E6A000111712 /* FirebaseInAppMessaging-Beta in Frameworks */ = {isa = PBXBuildFile; productRef = 5FB0B0F82CF3E6A000111712 /* FirebaseInAppMessaging-Beta */; };
		5FB0B0FB2CF3E6A000111712 /* FirebaseInstallations in Frameworks */ = {isa = PBXBuildFile; productRef = 5FB0B0FA2CF3E6A000111712 /* FirebaseInstallations */; };
		5FB0B0FD2CF3E6A000111712 /* FirebaseMLModelDownloader in Frameworks */ = {isa = PBXBuildFile; productRef = 5FB0B0FC2CF3E6A000111712 /* FirebaseMLModelDownloader */; };
		5FB0B0FF2CF3E6A000111712 /* FirebaseMessaging in Frameworks */ = {isa = PBXBuildFile; productRef = 5FB0B0FE2CF3E6A000111712 /* FirebaseMessaging */; };
		5FB0B1012CF3E6A000111712 /* FirebasePerformance in Frameworks */ = {isa = PBXBuildFile; productRef = 5FB0B1002CF3E6A000111712 /* FirebasePerformance */; };
		5FB0B1032CF3E6A000111712 /* FirebaseRemoteConfig in Frameworks */ = {isa = PBXBuildFile; productRef = 5FB0B1022CF3E6A000111712 /* FirebaseRemoteConfig */; };
		5FB0B1052CF3E6A000111712 /* FirebaseStorage in Frameworks */ = {isa = PBXBuildFile; productRef = 5FB0B1042CF3E6A000111712 /* FirebaseStorage */; };
		5FB0B1072CF3E6A000111712 /* FirebaseStorageCombine-Community in Frameworks */ = {isa = PBXBuildFile; productRef = 5FB0B1062CF3E6A000111712 /* FirebaseStorageCombine-Community */; };
		5FB0B1092CF3E6A000111712 /* FirebaseVertexAI in Frameworks */ = {isa = PBXBuildFile; productRef = 5FB0B1082CF3E6A000111712 /* FirebaseVertexAI */; };
		5FB6A44A2CF63C60000AB790 /* GoogleService-Info.plist in Resources */ = {isa = PBXBuildFile; fileRef = 5FB6A4492CF63C60000AB790 /* GoogleService-Info.plist */; };
		5FB8F33C2D1235A000C82D91 /* UserDetailsView.swift in Sources */ = {isa = PBXBuildFile; fileRef = 5FB8F33B2D12359D00C82D91 /* UserDetailsView.swift */; };
		5FD2FEEB2CFE606C0007DF52 /* MessagesViewModel.swift in Sources */ = {isa = PBXBuildFile; fileRef = 5FD2FEEA2CFE606C0007DF52 /* MessagesViewModel.swift */; };
		5FD2FEED2CFE69A80007DF52 /* NewChatViewModel.swift in Sources */ = {isa = PBXBuildFile; fileRef = 5FD2FEEC2CFE69A80007DF52 /* NewChatViewModel.swift */; };
		5FD2FEEF2CFE830F0007DF52 /* ChatRepository.swift in Sources */ = {isa = PBXBuildFile; fileRef = 5FD2FEEE2CFE830F0007DF52 /* ChatRepository.swift */; };
		5FEA56952D04AF6500919331 /* ImagePicker.swift in Sources */ = {isa = PBXBuildFile; fileRef = 5FEA56942D04AF5E00919331 /* ImagePicker.swift */; };
		5FEA56972D0885C100919331 /* CircularProfileImage.swift in Sources */ = {isa = PBXBuildFile; fileRef = 5FEA56962D0885C100919331 /* CircularProfileImage.swift */; };
/* End PBXBuildFile section */

/* Begin PBXFileReference section */
		5F2FDBA02D11D64700BB3FC6 /* ChatStore.swift */ = {isa = PBXFileReference; lastKnownFileType = sourcecode.swift; path = ChatStore.swift; sourceTree = "<group>"; };
		5F5B0AF32CFD316500BBDAFA /* InboxViewModel.swift */ = {isa = PBXFileReference; lastKnownFileType = sourcecode.swift; path = InboxViewModel.swift; sourceTree = "<group>"; };
		5F5B0AF52CFD316500BBDAFA /* InboxChatRowView.swift */ = {isa = PBXFileReference; lastKnownFileType = sourcecode.swift; path = InboxChatRowView.swift; sourceTree = "<group>"; };
		5F5B0AF62CFD316500BBDAFA /* InboxView.swift */ = {isa = PBXFileReference; lastKnownFileType = sourcecode.swift; path = InboxView.swift; sourceTree = "<group>"; };
		5F5B0AF72CFD316500BBDAFA /* MessagesView.swift */ = {isa = PBXFileReference; lastKnownFileType = sourcecode.swift; path = MessagesView.swift; sourceTree = "<group>"; };
		5F5B0AF82CFD316500BBDAFA /* NewChatView.swift */ = {isa = PBXFileReference; lastKnownFileType = sourcecode.swift; path = NewChatView.swift; sourceTree = "<group>"; };
		5F5B0AF92CFD316500BBDAFA /* NewGroupChatView.swift */ = {isa = PBXFileReference; lastKnownFileType = sourcecode.swift; path = NewGroupChatView.swift; sourceTree = "<group>"; };
		5F5B0AFC2CFD316500BBDAFA /* MainTabView.swift */ = {isa = PBXFileReference; lastKnownFileType = sourcecode.swift; path = MainTabView.swift; sourceTree = "<group>"; };
		5F5B0AFF2CFD316500BBDAFA /* ProfileViewModel.swift */ = {isa = PBXFileReference; lastKnownFileType = sourcecode.swift; path = ProfileViewModel.swift; sourceTree = "<group>"; };
		5F5B0B012CFD316500BBDAFA /* ProfileView.swift */ = {isa = PBXFileReference; lastKnownFileType = sourcecode.swift; path = ProfileView.swift; sourceTree = "<group>"; };
		5F5B0B0F2CFD317300BBDAFA /* ContentViewModel.swift */ = {isa = PBXFileReference; lastKnownFileType = sourcecode.swift; path = ContentViewModel.swift; sourceTree = "<group>"; };
		5F5B0B112CFD317300BBDAFA /* ContentView.swift */ = {isa = PBXFileReference; lastKnownFileType = sourcecode.swift; path = ContentView.swift; sourceTree = "<group>"; };
		5F5B0B122CFD317300BBDAFA /* LoginView.swift */ = {isa = PBXFileReference; lastKnownFileType = sourcecode.swift; path = LoginView.swift; sourceTree = "<group>"; };
		5F5B0B132CFD317300BBDAFA /* RegisterView.swift */ = {isa = PBXFileReference; lastKnownFileType = sourcecode.swift; path = RegisterView.swift; sourceTree = "<group>"; };
		5F5B0B1B2CFD317A00BBDAFA /* PrimaryButtonStyle.swift */ = {isa = PBXFileReference; lastKnownFileType = sourcecode.swift; path = PrimaryButtonStyle.swift; sourceTree = "<group>"; };
		5F5B0B1E2CFD317F00BBDAFA /* AuthService.swift */ = {isa = PBXFileReference; lastKnownFileType = sourcecode.swift; path = AuthService.swift; sourceTree = "<group>"; };
		5F5B0B1F2CFD317F00BBDAFA /* UserService.swift */ = {isa = PBXFileReference; lastKnownFileType = sourcecode.swift; path = UserService.swift; sourceTree = "<group>"; };
		5F5B0B242CFD318200BBDAFA /* AppError.swift */ = {isa = PBXFileReference; lastKnownFileType = sourcecode.swift; path = AppError.swift; sourceTree = "<group>"; };
		5F5B0B252CFD318200BBDAFA /* Chat.swift */ = {isa = PBXFileReference; lastKnownFileType = sourcecode.swift; path = Chat.swift; sourceTree = "<group>"; };
		5F5B0B262CFD318200BBDAFA /* Message.swift */ = {isa = PBXFileReference; lastKnownFileType = sourcecode.swift; path = Message.swift; sourceTree = "<group>"; };
		5F5B0B272CFD318200BBDAFA /* MockData.swift */ = {isa = PBXFileReference; lastKnownFileType = sourcecode.swift; path = MockData.swift; sourceTree = "<group>"; };
		5F5B0B282CFD318200BBDAFA /* User.swift */ = {isa = PBXFileReference; lastKnownFileType = sourcecode.swift; path = User.swift; sourceTree = "<group>"; };
		5F5B0B2F2CFD318D00BBDAFA /* AppState.swift */ = {isa = PBXFileReference; lastKnownFileType = sourcecode.swift; path = AppState.swift; sourceTree = "<group>"; };
		5F5B0B352CFD319400BBDAFA /* HeaderView.swift */ = {isa = PBXFileReference; lastKnownFileType = sourcecode.swift; path = HeaderView.swift; sourceTree = "<group>"; };
		5F5B0B362CFD319400BBDAFA /* InputFieldView.swift */ = {isa = PBXFileReference; lastKnownFileType = sourcecode.swift; path = InputFieldView.swift; sourceTree = "<group>"; };
		5F5B0B372CFD319400BBDAFA /* LoadingView.swift */ = {isa = PBXFileReference; lastKnownFileType = sourcecode.swift; path = LoadingView.swift; sourceTree = "<group>"; };
		5F63ED942CF2B02000DBCABD /* MessageAppRemake.app */ = {isa = PBXFileReference; explicitFileType = wrapper.application; includeInIndex = 0; path = MessageAppRemake.app; sourceTree = BUILT_PRODUCTS_DIR; };
		5F63EDA72CF2B06400DBCABD /* Preview Assets.xcassets */ = {isa = PBXFileReference; lastKnownFileType = folder.assetcatalog; path = "Preview Assets.xcassets"; sourceTree = "<group>"; };
		5F63EDA92CF2B06400DBCABD /* Assets.xcassets */ = {isa = PBXFileReference; lastKnownFileType = folder.assetcatalog; path = Assets.xcassets; sourceTree = "<group>"; };
		5F63EDAB2CF2B06400DBCABD /* MessageAppRemakeApp.swift */ = {isa = PBXFileReference; lastKnownFileType = sourcecode.swift; path = MessageAppRemakeApp.swift; sourceTree = "<group>"; };
		5F7A6BDF2CFF8A2200A2CF1D /* ProfileEditView.swift */ = {isa = PBXFileReference; lastKnownFileType = sourcecode.swift; path = ProfileEditView.swift; sourceTree = "<group>"; };
		5FB6A4492CF63C60000AB790 /* GoogleService-Info.plist */ = {isa = PBXFileReference; lastKnownFileType = text.plist.xml; path = "GoogleService-Info.plist"; sourceTree = "<group>"; };
		5FB8F33B2D12359D00C82D91 /* UserDetailsView.swift */ = {isa = PBXFileReference; lastKnownFileType = sourcecode.swift; path = UserDetailsView.swift; sourceTree = "<group>"; };
		5FD2FEEA2CFE606C0007DF52 /* MessagesViewModel.swift */ = {isa = PBXFileReference; lastKnownFileType = sourcecode.swift; path = MessagesViewModel.swift; sourceTree = "<group>"; };
		5FD2FEEC2CFE69A80007DF52 /* NewChatViewModel.swift */ = {isa = PBXFileReference; lastKnownFileType = sourcecode.swift; path = NewChatViewModel.swift; sourceTree = "<group>"; };
		5FD2FEEE2CFE830F0007DF52 /* ChatRepository.swift */ = {isa = PBXFileReference; lastKnownFileType = sourcecode.swift; path = ChatRepository.swift; sourceTree = "<group>"; };
		5FEA56942D04AF5E00919331 /* ImagePicker.swift */ = {isa = PBXFileReference; lastKnownFileType = sourcecode.swift; path = ImagePicker.swift; sourceTree = "<group>"; };
		5FEA56962D0885C100919331 /* CircularProfileImage.swift */ = {isa = PBXFileReference; lastKnownFileType = sourcecode.swift; path = CircularProfileImage.swift; sourceTree = "<group>"; };
/* End PBXFileReference section */

/* Begin PBXFrameworksBuildPhase section */
		5F63ED912CF2B02000DBCABD /* Frameworks */ = {
			isa = PBXFrameworksBuildPhase;
			buildActionMask = 2147483647;
			files = (
				5FB0B0F32CF3E6A000111712 /* FirebaseFirestoreCombine-Community in Frameworks */,
				5FB0B1092CF3E6A000111712 /* FirebaseVertexAI in Frameworks */,
				5FB0B0F52CF3E6A000111712 /* FirebaseFunctions in Frameworks */,
				5FB0B1012CF3E6A000111712 /* FirebasePerformance in Frameworks */,
				5FB0B1072CF3E6A000111712 /* FirebaseStorageCombine-Community in Frameworks */,
				5FB0B1032CF3E6A000111712 /* FirebaseRemoteConfig in Frameworks */,
				5FB0B0ED2CF3E6A000111712 /* FirebaseDatabase in Frameworks */,
				5FB0B0EF2CF3E6A000111712 /* FirebaseDynamicLinks in Frameworks */,
				5FB0B0E12CF3E6A000111712 /* FirebaseAppCheck in Frameworks */,
				5FB0B0E52CF3E6A000111712 /* FirebaseAuth in Frameworks */,
				5F15695C2D088B84009D6751 /* Alamofire in Frameworks */,
				5FB0B0DB2CF3E6A000111712 /* FirebaseAnalytics in Frameworks */,
				5FB0B0F12CF3E6A000111712 /* FirebaseFirestore in Frameworks */,
				5FB0B0FF2CF3E6A000111712 /* FirebaseMessaging in Frameworks */,
				5FB0B0FB2CF3E6A000111712 /* FirebaseInstallations in Frameworks */,
				5FB0B0F72CF3E6A000111712 /* FirebaseFunctionsCombine-Community in Frameworks */,
				5FB0B0E32CF3E6A000111712 /* FirebaseAppDistribution-Beta in Frameworks */,
				5FB0B0DF2CF3E6A000111712 /* FirebaseAnalyticsWithoutAdIdSupport in Frameworks */,
				5FB0B0F92CF3E6A000111712 /* FirebaseInAppMessaging-Beta in Frameworks */,
				5FB0B0E72CF3E6A000111712 /* FirebaseAuthCombine-Community in Frameworks */,
				5FB0B0EB2CF3E6A000111712 /* FirebaseCrashlytics in Frameworks */,
				5FB0B0FD2CF3E6A000111712 /* FirebaseMLModelDownloader in Frameworks */,
				5FB0B1052CF3E6A000111712 /* FirebaseStorage in Frameworks */,
				5FB0B0E92CF3E6A000111712 /* FirebaseCore in Frameworks */,
				5FB0B0DD2CF3E6A000111712 /* FirebaseAnalyticsOnDeviceConversion in Frameworks */,
			);
			runOnlyForDeploymentPostprocessing = 0;
		};
/* End PBXFrameworksBuildPhase section */

/* Begin PBXGroup section */
		5F5B0AF42CFD316500BBDAFA /* ViewModels */ = {
			isa = PBXGroup;
			children = (
				5F2FDBA02D11D64700BB3FC6 /* ChatStore.swift */,
				5F5B0AF32CFD316500BBDAFA /* InboxViewModel.swift */,
				5FD2FEEA2CFE606C0007DF52 /* MessagesViewModel.swift */,
				5FD2FEEC2CFE69A80007DF52 /* NewChatViewModel.swift */,
			);
			path = ViewModels;
			sourceTree = "<group>";
		};
		5F5B0AFA2CFD316500BBDAFA /* Views */ = {
			isa = PBXGroup;
			children = (
				5FB8F33B2D12359D00C82D91 /* UserDetailsView.swift */,
				5F5B0AF52CFD316500BBDAFA /* InboxChatRowView.swift */,
				5F5B0AF62CFD316500BBDAFA /* InboxView.swift */,
				5F5B0AF72CFD316500BBDAFA /* MessagesView.swift */,
				5F5B0AF82CFD316500BBDAFA /* NewChatView.swift */,
				5F5B0AF92CFD316500BBDAFA /* NewGroupChatView.swift */,
			);
			path = Views;
			sourceTree = "<group>";
		};
		5F5B0AFB2CFD316500BBDAFA /* Inbox */ = {
			isa = PBXGroup;
			children = (
				5F5B0AF42CFD316500BBDAFA /* ViewModels */,
				5F5B0AFA2CFD316500BBDAFA /* Views */,
			);
			path = Inbox;
			sourceTree = "<group>";
		};
		5F5B0AFE2CFD316500BBDAFA /* MainScreen */ = {
			isa = PBXGroup;
			children = (
				5F5B0AFC2CFD316500BBDAFA /* MainTabView.swift */,
			);
			path = MainScreen;
			sourceTree = "<group>";
		};
		5F5B0B002CFD316500BBDAFA /* ViewModels */ = {
			isa = PBXGroup;
			children = (
				5F5B0AFF2CFD316500BBDAFA /* ProfileViewModel.swift */,
			);
			path = ViewModels;
			sourceTree = "<group>";
		};
		5F5B0B022CFD316500BBDAFA /* Views */ = {
			isa = PBXGroup;
			children = (
				5F5B0B012CFD316500BBDAFA /* ProfileView.swift */,
				5F7A6BDF2CFF8A2200A2CF1D /* ProfileEditView.swift */,
				5FEA56962D0885C100919331 /* CircularProfileImage.swift */,
			);
			path = Views;
			sourceTree = "<group>";
		};
		5F5B0B032CFD316500BBDAFA /* Profile */ = {
			isa = PBXGroup;
			children = (
				5F5B0B002CFD316500BBDAFA /* ViewModels */,
				5F5B0B022CFD316500BBDAFA /* Views */,
			);
			path = Profile;
			sourceTree = "<group>";
		};
		5F5B0B042CFD316500BBDAFA /* Features */ = {
			isa = PBXGroup;
			children = (
				5F5B0AFE2CFD316500BBDAFA /* MainScreen */,
				5F5B0AFB2CFD316500BBDAFA /* Inbox */,
				5F5B0B032CFD316500BBDAFA /* Profile */,
			);
			path = Features;
			sourceTree = "<group>";
		};
		5F5B0B102CFD317300BBDAFA /* ViewModels */ = {
			isa = PBXGroup;
			children = (
				5F5B0B0F2CFD317300BBDAFA /* ContentViewModel.swift */,
			);
			path = ViewModels;
			sourceTree = "<group>";
		};
		5F5B0B142CFD317300BBDAFA /* Views */ = {
			isa = PBXGroup;
			children = (
				5F5B0B112CFD317300BBDAFA /* ContentView.swift */,
				5F5B0B122CFD317300BBDAFA /* LoginView.swift */,
				5F5B0B132CFD317300BBDAFA /* RegisterView.swift */,
			);
			path = Views;
			sourceTree = "<group>";
		};
		5F5B0B152CFD317300BBDAFA /* Root */ = {
			isa = PBXGroup;
			children = (
				5F5B0B102CFD317300BBDAFA /* ViewModels */,
				5F5B0B142CFD317300BBDAFA /* Views */,
			);
			path = Root;
			sourceTree = "<group>";
		};
		5F5B0B1A2CFD317700BBDAFA /* Utils */ = {
			isa = PBXGroup;
			children = (
				5FEA56942D04AF5E00919331 /* ImagePicker.swift */,
			);
			path = Utils;
			sourceTree = "<group>";
		};
		5F5B0B1C2CFD317A00BBDAFA /* ViewModifiers */ = {
			isa = PBXGroup;
			children = (
				5F5B0B1B2CFD317A00BBDAFA /* PrimaryButtonStyle.swift */,
			);
			path = ViewModifiers;
			sourceTree = "<group>";
		};
		5F5B0B202CFD317F00BBDAFA /* Firebase */ = {
			isa = PBXGroup;
			children = (
				5F5B0B1E2CFD317F00BBDAFA /* AuthService.swift */,
				5F5B0B1F2CFD317F00BBDAFA /* UserService.swift */,
				5FD2FEEE2CFE830F0007DF52 /* ChatRepository.swift */,
			);
			path = Firebase;
			sourceTree = "<group>";
		};
		5F5B0B212CFD317F00BBDAFA /* Services */ = {
			isa = PBXGroup;
			children = (
				5F5B0B202CFD317F00BBDAFA /* Firebase */,
			);
			path = Services;
			sourceTree = "<group>";
		};
		5F5B0B292CFD318200BBDAFA /* Models */ = {
			isa = PBXGroup;
			children = (
				5F5B0B242CFD318200BBDAFA /* AppError.swift */,
				5F5B0B252CFD318200BBDAFA /* Chat.swift */,
				5F5B0B262CFD318200BBDAFA /* Message.swift */,
				5F5B0B272CFD318200BBDAFA /* MockData.swift */,
				5F5B0B282CFD318200BBDAFA /* User.swift */,
			);
			path = Models;
			sourceTree = "<group>";
		};
		5F5B0B302CFD318D00BBDAFA /* Managers */ = {
			isa = PBXGroup;
			children = (
				5F5B0B2F2CFD318D00BBDAFA /* AppState.swift */,
			);
			path = Managers;
			sourceTree = "<group>";
		};
		5F5B0B392CFD319400BBDAFA /* Components */ = {
			isa = PBXGroup;
			children = (
				5F5B0B352CFD319400BBDAFA /* HeaderView.swift */,
				5F5B0B362CFD319400BBDAFA /* InputFieldView.swift */,
				5F5B0B372CFD319400BBDAFA /* LoadingView.swift */,
			);
			path = Components;
			sourceTree = "<group>";
		};
		5F63ED8B2CF2B02000DBCABD = {
			isa = PBXGroup;
			children = (
				5F63EDAC2CF2B06400DBCABD /* MessageAppRemake */,
				5F63ED952CF2B02000DBCABD /* Products */,
			);
			sourceTree = "<group>";
		};
		5F63ED952CF2B02000DBCABD /* Products */ = {
			isa = PBXGroup;
			children = (
				5F63ED942CF2B02000DBCABD /* MessageAppRemake.app */,
			);
			name = Products;
			sourceTree = "<group>";
		};
		5F63EDA82CF2B06400DBCABD /* Preview Content */ = {
			isa = PBXGroup;
			children = (
				5F63EDA72CF2B06400DBCABD /* Preview Assets.xcassets */,
			);
			path = "Preview Content";
			sourceTree = "<group>";
		};
		5F63EDAC2CF2B06400DBCABD /* MessageAppRemake */ = {
			isa = PBXGroup;
			children = (
				5F63EDA82CF2B06400DBCABD /* Preview Content */,
				5F63EDA92CF2B06400DBCABD /* Assets.xcassets */,
				5FB6A4492CF63C60000AB790 /* GoogleService-Info.plist */,
				5F5B0B392CFD319400BBDAFA /* Components */,
				5F5B0B302CFD318D00BBDAFA /* Managers */,
				5F5B0B292CFD318200BBDAFA /* Models */,
				5F5B0B1C2CFD317A00BBDAFA /* ViewModifiers */,
				5F5B0B1A2CFD317700BBDAFA /* Utils */,
				5F5B0B212CFD317F00BBDAFA /* Services */,
				5F63EDAB2CF2B06400DBCABD /* MessageAppRemakeApp.swift */,
				5F5B0B152CFD317300BBDAFA /* Root */,
				5F5B0B042CFD316500BBDAFA /* Features */,
			);
			path = MessageAppRemake;
			sourceTree = "<group>";
		};
/* End PBXGroup section */

/* Begin PBXNativeTarget section */
		5F63ED932CF2B02000DBCABD /* MessageAppRemake */ = {
			isa = PBXNativeTarget;
			buildConfigurationList = 5F63EDA22CF2B02200DBCABD /* Build configuration list for PBXNativeTarget "MessageAppRemake" */;
			buildPhases = (
				5F63ED902CF2B02000DBCABD /* Sources */,
				5F63ED912CF2B02000DBCABD /* Frameworks */,
				5F63ED922CF2B02000DBCABD /* Resources */,
			);
			buildRules = (
			);
			dependencies = (
			);
			name = MessageAppRemake;
			packageProductDependencies = (
				5FB0B0DA2CF3E6A000111712 /* FirebaseAnalytics */,
				5FB0B0DC2CF3E6A000111712 /* FirebaseAnalyticsOnDeviceConversion */,
				5FB0B0DE2CF3E6A000111712 /* FirebaseAnalyticsWithoutAdIdSupport */,
				5FB0B0E02CF3E6A000111712 /* FirebaseAppCheck */,
				5FB0B0E22CF3E6A000111712 /* FirebaseAppDistribution-Beta */,
				5FB0B0E42CF3E6A000111712 /* FirebaseAuth */,
				5FB0B0E62CF3E6A000111712 /* FirebaseAuthCombine-Community */,
				5FB0B0E82CF3E6A000111712 /* FirebaseCore */,
				5FB0B0EA2CF3E6A000111712 /* FirebaseCrashlytics */,
				5FB0B0EC2CF3E6A000111712 /* FirebaseDatabase */,
				5FB0B0EE2CF3E6A000111712 /* FirebaseDynamicLinks */,
				5FB0B0F02CF3E6A000111712 /* FirebaseFirestore */,
				5FB0B0F22CF3E6A000111712 /* FirebaseFirestoreCombine-Community */,
				5FB0B0F42CF3E6A000111712 /* FirebaseFunctions */,
				5FB0B0F62CF3E6A000111712 /* FirebaseFunctionsCombine-Community */,
				5FB0B0F82CF3E6A000111712 /* FirebaseInAppMessaging-Beta */,
				5FB0B0FA2CF3E6A000111712 /* FirebaseInstallations */,
				5FB0B0FC2CF3E6A000111712 /* FirebaseMLModelDownloader */,
				5FB0B0FE2CF3E6A000111712 /* FirebaseMessaging */,
				5FB0B1002CF3E6A000111712 /* FirebasePerformance */,
				5FB0B1022CF3E6A000111712 /* FirebaseRemoteConfig */,
				5FB0B1042CF3E6A000111712 /* FirebaseStorage */,
				5FB0B1062CF3E6A000111712 /* FirebaseStorageCombine-Community */,
				5FB0B1082CF3E6A000111712 /* FirebaseVertexAI */,
				5F15695B2D088B84009D6751 /* Alamofire */,
			);
			productName = MessageAppRemake;
			productReference = 5F63ED942CF2B02000DBCABD /* MessageAppRemake.app */;
			productType = "com.apple.product-type.application";
		};
/* End PBXNativeTarget section */

/* Begin PBXProject section */
		5F63ED8C2CF2B02000DBCABD /* Project object */ = {
			isa = PBXProject;
			attributes = {
				BuildIndependentTargetsInParallel = 1;
				LastSwiftUpdateCheck = 1610;
				LastUpgradeCheck = 1610;
				TargetAttributes = {
					5F63ED932CF2B02000DBCABD = {
						CreatedOnToolsVersion = 16.1;
					};
				};
			};
			buildConfigurationList = 5F63ED8F2CF2B02000DBCABD /* Build configuration list for PBXProject "MessageAppRemake" */;
			developmentRegion = en;
			hasScannedForEncodings = 0;
			knownRegions = (
				en,
				Base,
			);
			mainGroup = 5F63ED8B2CF2B02000DBCABD;
			minimizedProjectReferenceProxies = 1;
			packageReferences = (
				5FB0B0D92CF3E6A000111712 /* XCRemoteSwiftPackageReference "firebase-ios-sdk" */,
				5F15695A2D088B84009D6751 /* XCRemoteSwiftPackageReference "Alamofire" */,
			);
			preferredProjectObjectVersion = 77;
			productRefGroup = 5F63ED952CF2B02000DBCABD /* Products */;
			projectDirPath = "";
			projectRoot = "";
			targets = (
				5F63ED932CF2B02000DBCABD /* MessageAppRemake */,
			);
		};
/* End PBXProject section */

/* Begin PBXResourcesBuildPhase section */
		5F63ED922CF2B02000DBCABD /* Resources */ = {
			isa = PBXResourcesBuildPhase;
			buildActionMask = 2147483647;
			files = (
				5F63EDAF2CF2B06400DBCABD /* Preview Assets.xcassets in Resources */,
				5F63EDB02CF2B06400DBCABD /* Assets.xcassets in Resources */,
				5FB6A44A2CF63C60000AB790 /* GoogleService-Info.plist in Resources */,
			);
			runOnlyForDeploymentPostprocessing = 0;
		};
/* End PBXResourcesBuildPhase section */

/* Begin PBXSourcesBuildPhase section */
		5F63ED902CF2B02000DBCABD /* Sources */ = {
			isa = PBXSourcesBuildPhase;
			buildActionMask = 2147483647;
			files = (
				5F5B0B052CFD316500BBDAFA /* InboxViewModel.swift in Sources */,
				5FD2FEED2CFE69A80007DF52 /* NewChatViewModel.swift in Sources */,
				5F5B0B062CFD316500BBDAFA /* InboxChatRowView.swift in Sources */,
				5FD2FEEB2CFE606C0007DF52 /* MessagesViewModel.swift in Sources */,
				5F2FDBA12D11D64B00BB3FC6 /* ChatStore.swift in Sources */,
				5F5B0B072CFD316500BBDAFA /* InboxView.swift in Sources */,
				5F5B0B082CFD316500BBDAFA /* MessagesView.swift in Sources */,
				5F5B0B092CFD316500BBDAFA /* NewChatView.swift in Sources */,
				5F5B0B0A2CFD316500BBDAFA /* NewGroupChatView.swift in Sources */,
				5F5B0B2A2CFD318200BBDAFA /* AppError.swift in Sources */,
				5F5B0B2B2CFD318200BBDAFA /* Chat.swift in Sources */,
				5F5B0B2C2CFD318200BBDAFA /* Message.swift in Sources */,
				5F5B0B2D2CFD318200BBDAFA /* MockData.swift in Sources */,
				5F5B0B3A2CFD319400BBDAFA /* HeaderView.swift in Sources */,
				5F5B0B3B2CFD319400BBDAFA /* InputFieldView.swift in Sources */,
				5F5B0B3C2CFD319400BBDAFA /* LoadingView.swift in Sources */,
				5FEA56952D04AF6500919331 /* ImagePicker.swift in Sources */,
				5F5B0B2E2CFD318200BBDAFA /* User.swift in Sources */,
				5F7A6BE02CFF8A2200A2CF1D /* ProfileEditView.swift in Sources */,
				5F5B0B0B2CFD316500BBDAFA /* MainTabView.swift in Sources */,
				5F5B0B0D2CFD316500BBDAFA /* ProfileViewModel.swift in Sources */,
				5F5B0B0E2CFD316500BBDAFA /* ProfileView.swift in Sources */,
				5F5B0B222CFD317F00BBDAFA /* AuthService.swift in Sources */,
				5FD2FEEF2CFE830F0007DF52 /* ChatRepository.swift in Sources */,
				5F5B0B232CFD317F00BBDAFA /* UserService.swift in Sources */,
				5F5B0B1D2CFD317A00BBDAFA /* PrimaryButtonStyle.swift in Sources */,
				5F5B0B162CFD317300BBDAFA /* ContentViewModel.swift in Sources */,
				5F5B0B172CFD317300BBDAFA /* ContentView.swift in Sources */,
				5FB8F33C2D1235A000C82D91 /* UserDetailsView.swift in Sources */,
				5F5B0B182CFD317300BBDAFA /* LoginView.swift in Sources */,
				5F5B0B312CFD318D00BBDAFA /* AppState.swift in Sources */,
				5F5B0B192CFD317300BBDAFA /* RegisterView.swift in Sources */,
				5FEA56972D0885C100919331 /* CircularProfileImage.swift in Sources */,
				5F63EDAE2CF2B06400DBCABD /* MessageAppRemakeApp.swift in Sources */,
			);
			runOnlyForDeploymentPostprocessing = 0;
		};
/* End PBXSourcesBuildPhase section */

/* Begin XCBuildConfiguration section */
		5F63EDA02CF2B02200DBCABD /* Debug */ = {
			isa = XCBuildConfiguration;
			buildSettings = {
				ALWAYS_SEARCH_USER_PATHS = NO;
				ASSETCATALOG_COMPILER_GENERATE_SWIFT_ASSET_SYMBOL_EXTENSIONS = YES;
				CLANG_ANALYZER_NONNULL = YES;
				CLANG_ANALYZER_NUMBER_OBJECT_CONVERSION = YES_AGGRESSIVE;
				CLANG_CXX_LANGUAGE_STANDARD = "gnu++20";
				CLANG_ENABLE_MODULES = YES;
				CLANG_ENABLE_OBJC_ARC = YES;
				CLANG_ENABLE_OBJC_WEAK = YES;
				CLANG_WARN_BLOCK_CAPTURE_AUTORELEASING = YES;
				CLANG_WARN_BOOL_CONVERSION = YES;
				CLANG_WARN_COMMA = YES;
				CLANG_WARN_CONSTANT_CONVERSION = YES;
				CLANG_WARN_DEPRECATED_OBJC_IMPLEMENTATIONS = YES;
				CLANG_WARN_DIRECT_OBJC_ISA_USAGE = YES_ERROR;
				CLANG_WARN_DOCUMENTATION_COMMENTS = YES;
				CLANG_WARN_EMPTY_BODY = YES;
				CLANG_WARN_ENUM_CONVERSION = YES;
				CLANG_WARN_INFINITE_RECURSION = YES;
				CLANG_WARN_INT_CONVERSION = YES;
				CLANG_WARN_NON_LITERAL_NULL_CONVERSION = YES;
				CLANG_WARN_OBJC_IMPLICIT_RETAIN_SELF = YES;
				CLANG_WARN_OBJC_LITERAL_CONVERSION = YES;
				CLANG_WARN_OBJC_ROOT_CLASS = YES_ERROR;
				CLANG_WARN_QUOTED_INCLUDE_IN_FRAMEWORK_HEADER = YES;
				CLANG_WARN_RANGE_LOOP_ANALYSIS = YES;
				CLANG_WARN_STRICT_PROTOTYPES = YES;
				CLANG_WARN_SUSPICIOUS_MOVE = YES;
				CLANG_WARN_UNGUARDED_AVAILABILITY = YES_AGGRESSIVE;
				CLANG_WARN_UNREACHABLE_CODE = YES;
				CLANG_WARN__DUPLICATE_METHOD_MATCH = YES;
				COPY_PHASE_STRIP = NO;
				DEBUG_INFORMATION_FORMAT = dwarf;
				ENABLE_STRICT_OBJC_MSGSEND = YES;
				ENABLE_TESTABILITY = YES;
				ENABLE_USER_SCRIPT_SANDBOXING = YES;
				GCC_C_LANGUAGE_STANDARD = gnu17;
				GCC_DYNAMIC_NO_PIC = NO;
				GCC_NO_COMMON_BLOCKS = YES;
				GCC_OPTIMIZATION_LEVEL = 0;
				GCC_PREPROCESSOR_DEFINITIONS = (
					"DEBUG=1",
					"$(inherited)",
				);
				GCC_WARN_64_TO_32_BIT_CONVERSION = YES;
				GCC_WARN_ABOUT_RETURN_TYPE = YES_ERROR;
				GCC_WARN_UNDECLARED_SELECTOR = YES;
				GCC_WARN_UNINITIALIZED_AUTOS = YES_AGGRESSIVE;
				GCC_WARN_UNUSED_FUNCTION = YES;
				GCC_WARN_UNUSED_VARIABLE = YES;
				IPHONEOS_DEPLOYMENT_TARGET = 18.1;
				LOCALIZATION_PREFERS_STRING_CATALOGS = YES;
				MTL_ENABLE_DEBUG_INFO = INCLUDE_SOURCE;
				MTL_FAST_MATH = YES;
				ONLY_ACTIVE_ARCH = YES;
				SDKROOT = iphoneos;
				SWIFT_ACTIVE_COMPILATION_CONDITIONS = "DEBUG $(inherited)";
				SWIFT_OPTIMIZATION_LEVEL = "-Onone";
			};
			name = Debug;
		};
		5F63EDA12CF2B02200DBCABD /* Release */ = {
			isa = XCBuildConfiguration;
			buildSettings = {
				ALWAYS_SEARCH_USER_PATHS = NO;
				ASSETCATALOG_COMPILER_GENERATE_SWIFT_ASSET_SYMBOL_EXTENSIONS = YES;
				CLANG_ANALYZER_NONNULL = YES;
				CLANG_ANALYZER_NUMBER_OBJECT_CONVERSION = YES_AGGRESSIVE;
				CLANG_CXX_LANGUAGE_STANDARD = "gnu++20";
				CLANG_ENABLE_MODULES = YES;
				CLANG_ENABLE_OBJC_ARC = YES;
				CLANG_ENABLE_OBJC_WEAK = YES;
				CLANG_WARN_BLOCK_CAPTURE_AUTORELEASING = YES;
				CLANG_WARN_BOOL_CONVERSION = YES;
				CLANG_WARN_COMMA = YES;
				CLANG_WARN_CONSTANT_CONVERSION = YES;
				CLANG_WARN_DEPRECATED_OBJC_IMPLEMENTATIONS = YES;
				CLANG_WARN_DIRECT_OBJC_ISA_USAGE = YES_ERROR;
				CLANG_WARN_DOCUMENTATION_COMMENTS = YES;
				CLANG_WARN_EMPTY_BODY = YES;
				CLANG_WARN_ENUM_CONVERSION = YES;
				CLANG_WARN_INFINITE_RECURSION = YES;
				CLANG_WARN_INT_CONVERSION = YES;
				CLANG_WARN_NON_LITERAL_NULL_CONVERSION = YES;
				CLANG_WARN_OBJC_IMPLICIT_RETAIN_SELF = YES;
				CLANG_WARN_OBJC_LITERAL_CONVERSION = YES;
				CLANG_WARN_OBJC_ROOT_CLASS = YES_ERROR;
				CLANG_WARN_QUOTED_INCLUDE_IN_FRAMEWORK_HEADER = YES;
				CLANG_WARN_RANGE_LOOP_ANALYSIS = YES;
				CLANG_WARN_STRICT_PROTOTYPES = YES;
				CLANG_WARN_SUSPICIOUS_MOVE = YES;
				CLANG_WARN_UNGUARDED_AVAILABILITY = YES_AGGRESSIVE;
				CLANG_WARN_UNREACHABLE_CODE = YES;
				CLANG_WARN__DUPLICATE_METHOD_MATCH = YES;
				COPY_PHASE_STRIP = NO;
				DEBUG_INFORMATION_FORMAT = "dwarf-with-dsym";
				ENABLE_NS_ASSERTIONS = NO;
				ENABLE_STRICT_OBJC_MSGSEND = YES;
				ENABLE_USER_SCRIPT_SANDBOXING = YES;
				GCC_C_LANGUAGE_STANDARD = gnu17;
				GCC_NO_COMMON_BLOCKS = YES;
				GCC_WARN_64_TO_32_BIT_CONVERSION = YES;
				GCC_WARN_ABOUT_RETURN_TYPE = YES_ERROR;
				GCC_WARN_UNDECLARED_SELECTOR = YES;
				GCC_WARN_UNINITIALIZED_AUTOS = YES_AGGRESSIVE;
				GCC_WARN_UNUSED_FUNCTION = YES;
				GCC_WARN_UNUSED_VARIABLE = YES;
				IPHONEOS_DEPLOYMENT_TARGET = 18.1;
				LOCALIZATION_PREFERS_STRING_CATALOGS = YES;
				MTL_ENABLE_DEBUG_INFO = NO;
				MTL_FAST_MATH = YES;
				SDKROOT = iphoneos;
				SWIFT_COMPILATION_MODE = wholemodule;
				VALIDATE_PRODUCT = YES;
			};
			name = Release;
		};
		5F63EDA32CF2B02200DBCABD /* Debug */ = {
			isa = XCBuildConfiguration;
			buildSettings = {
				ASSETCATALOG_COMPILER_APPICON_NAME = AppIcon;
				ASSETCATALOG_COMPILER_GLOBAL_ACCENT_COLOR_NAME = AccentColor;
				CODE_SIGN_STYLE = Automatic;
				CURRENT_PROJECT_VERSION = 1;
				DEVELOPMENT_ASSET_PATHS = "\"MessageAppRemake/Preview Content\"";
				DEVELOPMENT_TEAM = 9N8K6W6YQ4;
				ENABLE_PREVIEWS = YES;
				GENERATE_INFOPLIST_FILE = YES;
				INFOPLIST_KEY_UIApplicationSceneManifest_Generation = YES;
				INFOPLIST_KEY_UIApplicationSupportsIndirectInputEvents = YES;
				INFOPLIST_KEY_UILaunchScreen_Generation = YES;
				INFOPLIST_KEY_UISupportedInterfaceOrientations_iPad = "UIInterfaceOrientationPortrait UIInterfaceOrientationPortraitUpsideDown UIInterfaceOrientationLandscapeLeft UIInterfaceOrientationLandscapeRight";
				INFOPLIST_KEY_UISupportedInterfaceOrientations_iPhone = "UIInterfaceOrientationPortrait UIInterfaceOrientationLandscapeLeft UIInterfaceOrientationLandscapeRight";
				LD_RUNPATH_SEARCH_PATHS = (
					"$(inherited)",
					"@executable_path/Frameworks",
				);
				MARKETING_VERSION = 1.0;
				PRODUCT_BUNDLE_IDENTIFIER = meokay.MessageAppRemake;
				PRODUCT_NAME = "$(TARGET_NAME)";
				SWIFT_EMIT_LOC_STRINGS = YES;
				SWIFT_VERSION = 5.0;
				TARGETED_DEVICE_FAMILY = "1,2";
			};
			name = Debug;
		};
		5F63EDA42CF2B02200DBCABD /* Release */ = {
			isa = XCBuildConfiguration;
			buildSettings = {
				ASSETCATALOG_COMPILER_APPICON_NAME = AppIcon;
				ASSETCATALOG_COMPILER_GLOBAL_ACCENT_COLOR_NAME = AccentColor;
				CODE_SIGN_STYLE = Automatic;
				CURRENT_PROJECT_VERSION = 1;
				DEVELOPMENT_ASSET_PATHS = "\"MessageAppRemake/Preview Content\"";
				DEVELOPMENT_TEAM = 9N8K6W6YQ4;
				ENABLE_PREVIEWS = YES;
				GENERATE_INFOPLIST_FILE = YES;
				INFOPLIST_KEY_UIApplicationSceneManifest_Generation = YES;
				INFOPLIST_KEY_UIApplicationSupportsIndirectInputEvents = YES;
				INFOPLIST_KEY_UILaunchScreen_Generation = YES;
				INFOPLIST_KEY_UISupportedInterfaceOrientations_iPad = "UIInterfaceOrientationPortrait UIInterfaceOrientationPortraitUpsideDown UIInterfaceOrientationLandscapeLeft UIInterfaceOrientationLandscapeRight";
				INFOPLIST_KEY_UISupportedInterfaceOrientations_iPhone = "UIInterfaceOrientationPortrait UIInterfaceOrientationLandscapeLeft UIInterfaceOrientationLandscapeRight";
				LD_RUNPATH_SEARCH_PATHS = (
					"$(inherited)",
					"@executable_path/Frameworks",
				);
				MARKETING_VERSION = 1.0;
				PRODUCT_BUNDLE_IDENTIFIER = meokay.MessageAppRemake;
				PRODUCT_NAME = "$(TARGET_NAME)";
				SWIFT_EMIT_LOC_STRINGS = YES;
				SWIFT_VERSION = 5.0;
				TARGETED_DEVICE_FAMILY = "1,2";
			};
			name = Release;
		};
/* End XCBuildConfiguration section */

/* Begin XCConfigurationList section */
		5F63ED8F2CF2B02000DBCABD /* Build configuration list for PBXProject "MessageAppRemake" */ = {
			isa = XCConfigurationList;
			buildConfigurations = (
				5F63EDA02CF2B02200DBCABD /* Debug */,
				5F63EDA12CF2B02200DBCABD /* Release */,
			);
			defaultConfigurationIsVisible = 0;
			defaultConfigurationName = Release;
		};
		5F63EDA22CF2B02200DBCABD /* Build configuration list for PBXNativeTarget "MessageAppRemake" */ = {
			isa = XCConfigurationList;
			buildConfigurations = (
				5F63EDA32CF2B02200DBCABD /* Debug */,
				5F63EDA42CF2B02200DBCABD /* Release */,
			);
			defaultConfigurationIsVisible = 0;
			defaultConfigurationName = Release;
		};
/* End XCConfigurationList section */

/* Begin XCRemoteSwiftPackageReference section */
		5F15695A2D088B84009D6751 /* XCRemoteSwiftPackageReference "Alamofire" */ = {
			isa = XCRemoteSwiftPackageReference;
			repositoryURL = "https://github.com/Alamofire/Alamofire";
			requirement = {
				kind = upToNextMajorVersion;
				minimumVersion = 5.10.2;
			};
		};
		5FB0B0D92CF3E6A000111712 /* XCRemoteSwiftPackageReference "firebase-ios-sdk" */ = {
			isa = XCRemoteSwiftPackageReference;
			repositoryURL = "https://github.com/firebase/firebase-ios-sdk";
			requirement = {
				kind = upToNextMajorVersion;
				minimumVersion = 11.5.0;
			};
		};
/* End XCRemoteSwiftPackageReference section */

/* Begin XCSwiftPackageProductDependency section */
		5F15695B2D088B84009D6751 /* Alamofire */ = {
			isa = XCSwiftPackageProductDependency;
			package = 5F15695A2D088B84009D6751 /* XCRemoteSwiftPackageReference "Alamofire" */;
			productName = Alamofire;
		};
		5FB0B0DA2CF3E6A000111712 /* FirebaseAnalytics */ = {
			isa = XCSwiftPackageProductDependency;
			package = 5FB0B0D92CF3E6A000111712 /* XCRemoteSwiftPackageReference "firebase-ios-sdk" */;
			productName = FirebaseAnalytics;
		};
		5FB0B0DC2CF3E6A000111712 /* FirebaseAnalyticsOnDeviceConversion */ = {
			isa = XCSwiftPackageProductDependency;
			package = 5FB0B0D92CF3E6A000111712 /* XCRemoteSwiftPackageReference "firebase-ios-sdk" */;
			productName = FirebaseAnalyticsOnDeviceConversion;
		};
		5FB0B0DE2CF3E6A000111712 /* FirebaseAnalyticsWithoutAdIdSupport */ = {
			isa = XCSwiftPackageProductDependency;
			package = 5FB0B0D92CF3E6A000111712 /* XCRemoteSwiftPackageReference "firebase-ios-sdk" */;
			productName = FirebaseAnalyticsWithoutAdIdSupport;
		};
		5FB0B0E02CF3E6A000111712 /* FirebaseAppCheck */ = {
			isa = XCSwiftPackageProductDependency;
			package = 5FB0B0D92CF3E6A000111712 /* XCRemoteSwiftPackageReference "firebase-ios-sdk" */;
			productName = FirebaseAppCheck;
		};
		5FB0B0E22CF3E6A000111712 /* FirebaseAppDistribution-Beta */ = {
			isa = XCSwiftPackageProductDependency;
			package = 5FB0B0D92CF3E6A000111712 /* XCRemoteSwiftPackageReference "firebase-ios-sdk" */;
			productName = "FirebaseAppDistribution-Beta";
		};
		5FB0B0E42CF3E6A000111712 /* FirebaseAuth */ = {
			isa = XCSwiftPackageProductDependency;
			package = 5FB0B0D92CF3E6A000111712 /* XCRemoteSwiftPackageReference "firebase-ios-sdk" */;
			productName = FirebaseAuth;
		};
		5FB0B0E62CF3E6A000111712 /* FirebaseAuthCombine-Community */ = {
			isa = XCSwiftPackageProductDependency;
			package = 5FB0B0D92CF3E6A000111712 /* XCRemoteSwiftPackageReference "firebase-ios-sdk" */;
			productName = "FirebaseAuthCombine-Community";
		};
		5FB0B0E82CF3E6A000111712 /* FirebaseCore */ = {
			isa = XCSwiftPackageProductDependency;
			package = 5FB0B0D92CF3E6A000111712 /* XCRemoteSwiftPackageReference "firebase-ios-sdk" */;
			productName = FirebaseCore;
		};
		5FB0B0EA2CF3E6A000111712 /* FirebaseCrashlytics */ = {
			isa = XCSwiftPackageProductDependency;
			package = 5FB0B0D92CF3E6A000111712 /* XCRemoteSwiftPackageReference "firebase-ios-sdk" */;
			productName = FirebaseCrashlytics;
		};
		5FB0B0EC2CF3E6A000111712 /* FirebaseDatabase */ = {
			isa = XCSwiftPackageProductDependency;
			package = 5FB0B0D92CF3E6A000111712 /* XCRemoteSwiftPackageReference "firebase-ios-sdk" */;
			productName = FirebaseDatabase;
		};
		5FB0B0EE2CF3E6A000111712 /* FirebaseDynamicLinks */ = {
			isa = XCSwiftPackageProductDependency;
			package = 5FB0B0D92CF3E6A000111712 /* XCRemoteSwiftPackageReference "firebase-ios-sdk" */;
			productName = FirebaseDynamicLinks;
		};
		5FB0B0F02CF3E6A000111712 /* FirebaseFirestore */ = {
			isa = XCSwiftPackageProductDependency;
			package = 5FB0B0D92CF3E6A000111712 /* XCRemoteSwiftPackageReference "firebase-ios-sdk" */;
			productName = FirebaseFirestore;
		};
		5FB0B0F22CF3E6A000111712 /* FirebaseFirestoreCombine-Community */ = {
			isa = XCSwiftPackageProductDependency;
			package = 5FB0B0D92CF3E6A000111712 /* XCRemoteSwiftPackageReference "firebase-ios-sdk" */;
			productName = "FirebaseFirestoreCombine-Community";
		};
		5FB0B0F42CF3E6A000111712 /* FirebaseFunctions */ = {
			isa = XCSwiftPackageProductDependency;
			package = 5FB0B0D92CF3E6A000111712 /* XCRemoteSwiftPackageReference "firebase-ios-sdk" */;
			productName = FirebaseFunctions;
		};
		5FB0B0F62CF3E6A000111712 /* FirebaseFunctionsCombine-Community */ = {
			isa = XCSwiftPackageProductDependency;
			package = 5FB0B0D92CF3E6A000111712 /* XCRemoteSwiftPackageReference "firebase-ios-sdk" */;
			productName = "FirebaseFunctionsCombine-Community";
		};
		5FB0B0F82CF3E6A000111712 /* FirebaseInAppMessaging-Beta */ = {
			isa = XCSwiftPackageProductDependency;
			package = 5FB0B0D92CF3E6A000111712 /* XCRemoteSwiftPackageReference "firebase-ios-sdk" */;
			productName = "FirebaseInAppMessaging-Beta";
		};
		5FB0B0FA2CF3E6A000111712 /* FirebaseInstallations */ = {
			isa = XCSwiftPackageProductDependency;
			package = 5FB0B0D92CF3E6A000111712 /* XCRemoteSwiftPackageReference "firebase-ios-sdk" */;
			productName = FirebaseInstallations;
		};
		5FB0B0FC2CF3E6A000111712 /* FirebaseMLModelDownloader */ = {
			isa = XCSwiftPackageProductDependency;
			package = 5FB0B0D92CF3E6A000111712 /* XCRemoteSwiftPackageReference "firebase-ios-sdk" */;
			productName = FirebaseMLModelDownloader;
		};
		5FB0B0FE2CF3E6A000111712 /* FirebaseMessaging */ = {
			isa = XCSwiftPackageProductDependency;
			package = 5FB0B0D92CF3E6A000111712 /* XCRemoteSwiftPackageReference "firebase-ios-sdk" */;
			productName = FirebaseMessaging;
		};
		5FB0B1002CF3E6A000111712 /* FirebasePerformance */ = {
			isa = XCSwiftPackageProductDependency;
			package = 5FB0B0D92CF3E6A000111712 /* XCRemoteSwiftPackageReference "firebase-ios-sdk" */;
			productName = FirebasePerformance;
		};
		5FB0B1022CF3E6A000111712 /* FirebaseRemoteConfig */ = {
			isa = XCSwiftPackageProductDependency;
			package = 5FB0B0D92CF3E6A000111712 /* XCRemoteSwiftPackageReference "firebase-ios-sdk" */;
			productName = FirebaseRemoteConfig;
		};
		5FB0B1042CF3E6A000111712 /* FirebaseStorage */ = {
			isa = XCSwiftPackageProductDependency;
			package = 5FB0B0D92CF3E6A000111712 /* XCRemoteSwiftPackageReference "firebase-ios-sdk" */;
			productName = FirebaseStorage;
		};
		5FB0B1062CF3E6A000111712 /* FirebaseStorageCombine-Community */ = {
			isa = XCSwiftPackageProductDependency;
			package = 5FB0B0D92CF3E6A000111712 /* XCRemoteSwiftPackageReference "firebase-ios-sdk" */;
			productName = "FirebaseStorageCombine-Community";
		};
		5FB0B1082CF3E6A000111712 /* FirebaseVertexAI */ = {
			isa = XCSwiftPackageProductDependency;
			package = 5FB0B0D92CF3E6A000111712 /* XCRemoteSwiftPackageReference "firebase-ios-sdk" */;
			productName = FirebaseVertexAI;
		};
/* End XCSwiftPackageProductDependency section */
	};
	rootObject = 5F63ED8C2CF2B02000DBCABD /* Project object */;
}
